// !$*UTF8*$!
{
	archiveVersion = 1;
	classes = {
	};
	objectVersion = 48;
	objects = {

/* Begin PBXBuildFile section */
		B0BFC6F11FF6CE1800D53891 /* AppDelegate.swift in Sources */ = {isa = PBXBuildFile; fileRef = B0BFC6F01FF6CE1800D53891 /* AppDelegate.swift */; };
		B0BFC6F61FF6CE1800D53891 /* Main.storyboard in Resources */ = {isa = PBXBuildFile; fileRef = B0BFC6F41FF6CE1800D53891 /* Main.storyboard */; };
		B0BFC6F81FF6CE1800D53891 /* Assets.xcassets in Resources */ = {isa = PBXBuildFile; fileRef = B0BFC6F71FF6CE1800D53891 /* Assets.xcassets */; };
		B0BFC6FB1FF6CE1800D53891 /* LaunchScreen.storyboard in Resources */ = {isa = PBXBuildFile; fileRef = B0BFC6F91FF6CE1800D53891 /* LaunchScreen.storyboard */; };
		B0BFC7061FF6CE1800D53891 /* Note_V2Tests.swift in Sources */ = {isa = PBXBuildFile; fileRef = B0BFC7051FF6CE1800D53891 /* Note_V2Tests.swift */; };
		B0BFC7111FF6CE1800D53891 /* Note_V2UITests.swift in Sources */ = {isa = PBXBuildFile; fileRef = B0BFC7101FF6CE1800D53891 /* Note_V2UITests.swift */; };
		B0BFC71F1FF6D0DB00D53891 /* NotesTableViewController.swift in Sources */ = {isa = PBXBuildFile; fileRef = B0BFC71E1FF6D0DB00D53891 /* NotesTableViewController.swift */; };
		B0BFC7211FF6D39500D53891 /* NotesTableViewCell.swift in Sources */ = {isa = PBXBuildFile; fileRef = B0BFC7201FF6D39500D53891 /* NotesTableViewCell.swift */; };
		B0BFC7241FF6D63400D53891 /* NoteModel.xcdatamodeld in Sources */ = {isa = PBXBuildFile; fileRef = B0BFC7221FF6D63400D53891 /* NoteModel.xcdatamodeld */; };
		B0F2366E1FFCABA0005350C2 /* CoreDataStack.swift in Sources */ = {isa = PBXBuildFile; fileRef = B0F2366D1FFCABA0005350C2 /* CoreDataStack.swift */; };
/* End PBXBuildFile section */

/* Begin PBXContainerItemProxy section */
		B0BFC7021FF6CE1800D53891 /* PBXContainerItemProxy */ = {
			isa = PBXContainerItemProxy;
			containerPortal = B0BFC6E51FF6CE1800D53891 /* Project object */;
			proxyType = 1;
			remoteGlobalIDString = B0BFC6EC1FF6CE1800D53891;
			remoteInfo = Note.V2;
		};
		B0BFC70D1FF6CE1800D53891 /* PBXContainerItemProxy */ = {
			isa = PBXContainerItemProxy;
			containerPortal = B0BFC6E51FF6CE1800D53891 /* Project object */;
			proxyType = 1;
			remoteGlobalIDString = B0BFC6EC1FF6CE1800D53891;
			remoteInfo = Note.V2;
		};
/* End PBXContainerItemProxy section */

/* Begin PBXFileReference section */
		B0BFC6ED1FF6CE1800D53891 /* Note.V2.app */ = {isa = PBXFileReference; explicitFileType = wrapper.application; includeInIndex = 0; path = Note.V2.app; sourceTree = BUILT_PRODUCTS_DIR; };
		B0BFC6F01FF6CE1800D53891 /* AppDelegate.swift */ = {isa = PBXFileReference; lastKnownFileType = sourcecode.swift; path = AppDelegate.swift; sourceTree = "<group>"; };
		B0BFC6F51FF6CE1800D53891 /* Base */ = {isa = PBXFileReference; lastKnownFileType = file.storyboard; name = Base; path = Base.lproj/Main.storyboard; sourceTree = "<group>"; };
		B0BFC6F71FF6CE1800D53891 /* Assets.xcassets */ = {isa = PBXFileReference; lastKnownFileType = folder.assetcatalog; path = Assets.xcassets; sourceTree = "<group>"; };
		B0BFC6FA1FF6CE1800D53891 /* Base */ = {isa = PBXFileReference; lastKnownFileType = file.storyboard; name = Base; path = Base.lproj/LaunchScreen.storyboard; sourceTree = "<group>"; };
		B0BFC6FC1FF6CE1800D53891 /* Info.plist */ = {isa = PBXFileReference; lastKnownFileType = text.plist.xml; path = Info.plist; sourceTree = "<group>"; };
		B0BFC7011FF6CE1800D53891 /* Note.V2Tests.xctest */ = {isa = PBXFileReference; explicitFileType = wrapper.cfbundle; includeInIndex = 0; path = Note.V2Tests.xctest; sourceTree = BUILT_PRODUCTS_DIR; };
		B0BFC7051FF6CE1800D53891 /* Note_V2Tests.swift */ = {isa = PBXFileReference; lastKnownFileType = sourcecode.swift; path = Note_V2Tests.swift; sourceTree = "<group>"; };
		B0BFC7071FF6CE1800D53891 /* Info.plist */ = {isa = PBXFileReference; lastKnownFileType = text.plist.xml; path = Info.plist; sourceTree = "<group>"; };
		B0BFC70C1FF6CE1800D53891 /* Note.V2UITests.xctest */ = {isa = PBXFileReference; explicitFileType = wrapper.cfbundle; includeInIndex = 0; path = Note.V2UITests.xctest; sourceTree = BUILT_PRODUCTS_DIR; };
		B0BFC7101FF6CE1800D53891 /* Note_V2UITests.swift */ = {isa = PBXFileReference; lastKnownFileType = sourcecode.swift; path = Note_V2UITests.swift; sourceTree = "<group>"; };
		B0BFC7121FF6CE1800D53891 /* Info.plist */ = {isa = PBXFileReference; lastKnownFileType = text.plist.xml; path = Info.plist; sourceTree = "<group>"; };
		B0BFC71E1FF6D0DB00D53891 /* NotesTableViewController.swift */ = {isa = PBXFileReference; lastKnownFileType = sourcecode.swift; path = NotesTableViewController.swift; sourceTree = "<group>"; };
		B0BFC7201FF6D39500D53891 /* NotesTableViewCell.swift */ = {isa = PBXFileReference; lastKnownFileType = sourcecode.swift; path = NotesTableViewCell.swift; sourceTree = "<group>"; };
		B0BFC7231FF6D63400D53891 /* NotesModel.xcdatamodel */ = {isa = PBXFileReference; lastKnownFileType = wrapper.xcdatamodel; path = NotesModel.xcdatamodel; sourceTree = "<group>"; };
		B0F2366D1FFCABA0005350C2 /* CoreDataStack.swift */ = {isa = PBXFileReference; fileEncoding = 4; lastKnownFileType = sourcecode.swift; path = CoreDataStack.swift; sourceTree = "<group>"; };
/* End PBXFileReference section */

/* Begin PBXFrameworksBuildPhase section */
		B0BFC6EA1FF6CE1800D53891 /* Frameworks */ = {
			isa = PBXFrameworksBuildPhase;
			buildActionMask = 2147483647;
			files = (
			);
			runOnlyForDeploymentPostprocessing = 0;
		};
		B0BFC6FE1FF6CE1800D53891 /* Frameworks */ = {
			isa = PBXFrameworksBuildPhase;
			buildActionMask = 2147483647;
			files = (
			);
			runOnlyForDeploymentPostprocessing = 0;
		};
		B0BFC7091FF6CE1800D53891 /* Frameworks */ = {
			isa = PBXFrameworksBuildPhase;
			buildActionMask = 2147483647;
			files = (
			);
			runOnlyForDeploymentPostprocessing = 0;
		};
/* End PBXFrameworksBuildPhase section */

/* Begin PBXGroup section */
		B0BFC6E41FF6CE1800D53891 = {
			isa = PBXGroup;
			children = (
				B0BFC6EF1FF6CE1800D53891 /* Note.V2 */,
				B0BFC7041FF6CE1800D53891 /* Note.V2Tests */,
				B0BFC70F1FF6CE1800D53891 /* Note.V2UITests */,
				B0BFC6EE1FF6CE1800D53891 /* Products */,
			);
			sourceTree = "<group>";
		};
		B0BFC6EE1FF6CE1800D53891 /* Products */ = {
			isa = PBXGroup;
			children = (
				B0BFC6ED1FF6CE1800D53891 /* Note.V2.app */,
				B0BFC7011FF6CE1800D53891 /* Note.V2Tests.xctest */,
				B0BFC70C1FF6CE1800D53891 /* Note.V2UITests.xctest */,
			);
			name = Products;
			sourceTree = "<group>";
		};
		B0BFC6EF1FF6CE1800D53891 /* Note.V2 */ = {
			isa = PBXGroup;
			children = (
				B0BFC6F01FF6CE1800D53891 /* AppDelegate.swift */,
				B0BFC6F41FF6CE1800D53891 /* Main.storyboard */,
				B0BFC7201FF6D39500D53891 /* NotesTableViewCell.swift */,
				B0BFC71E1FF6D0DB00D53891 /* NotesTableViewController.swift */,
				B0F2366D1FFCABA0005350C2 /* CoreDataStack.swift */,
				B0BFC6F71FF6CE1800D53891 /* Assets.xcassets */,
				B0BFC7221FF6D63400D53891 /* NoteModel.xcdatamodeld */,
				B0BFC6F91FF6CE1800D53891 /* LaunchScreen.storyboard */,
				B0BFC6FC1FF6CE1800D53891 /* Info.plist */,
			);
			path = Note.V2;
			sourceTree = "<group>";
		};
		B0BFC7041FF6CE1800D53891 /* Note.V2Tests */ = {
			isa = PBXGroup;
			children = (
				B0BFC7051FF6CE1800D53891 /* Note_V2Tests.swift */,
				B0BFC7071FF6CE1800D53891 /* Info.plist */,
			);
			path = Note.V2Tests;
			sourceTree = "<group>";
		};
		B0BFC70F1FF6CE1800D53891 /* Note.V2UITests */ = {
			isa = PBXGroup;
			children = (
				B0BFC7101FF6CE1800D53891 /* Note_V2UITests.swift */,
				B0BFC7121FF6CE1800D53891 /* Info.plist */,
			);
			path = Note.V2UITests;
			sourceTree = "<group>";
		};
/* End PBXGroup section */

/* Begin PBXNativeTarget section */
		B0BFC6EC1FF6CE1800D53891 /* Note.V2 */ = {
			isa = PBXNativeTarget;
			buildConfigurationList = B0BFC7151FF6CE1900D53891 /* Build configuration list for PBXNativeTarget "Note.V2" */;
			buildPhases = (
				B0BFC6E91FF6CE1800D53891 /* Sources */,
				B0BFC6EA1FF6CE1800D53891 /* Frameworks */,
				B0BFC6EB1FF6CE1800D53891 /* Resources */,
			);
			buildRules = (
			);
			dependencies = (
			);
			name = Note.V2;
			productName = Note.V2;
			productReference = B0BFC6ED1FF6CE1800D53891 /* Note.V2.app */;
			productType = "com.apple.product-type.application";
		};
		B0BFC7001FF6CE1800D53891 /* Note.V2Tests */ = {
			isa = PBXNativeTarget;
			buildConfigurationList = B0BFC7181FF6CE1900D53891 /* Build configuration list for PBXNativeTarget "Note.V2Tests" */;
			buildPhases = (
				B0BFC6FD1FF6CE1800D53891 /* Sources */,
				B0BFC6FE1FF6CE1800D53891 /* Frameworks */,
				B0BFC6FF1FF6CE1800D53891 /* Resources */,
			);
			buildRules = (
			);
			dependencies = (
				B0BFC7031FF6CE1800D53891 /* PBXTargetDependency */,
			);
			name = Note.V2Tests;
			productName = Note.V2Tests;
			productReference = B0BFC7011FF6CE1800D53891 /* Note.V2Tests.xctest */;
			productType = "com.apple.product-type.bundle.unit-test";
		};
		B0BFC70B1FF6CE1800D53891 /* Note.V2UITests */ = {
			isa = PBXNativeTarget;
			buildConfigurationList = B0BFC71B1FF6CE1900D53891 /* Build configuration list for PBXNativeTarget "Note.V2UITests" */;
			buildPhases = (
				B0BFC7081FF6CE1800D53891 /* Sources */,
				B0BFC7091FF6CE1800D53891 /* Frameworks */,
				B0BFC70A1FF6CE1800D53891 /* Resources */,
			);
			buildRules = (
			);
			dependencies = (
				B0BFC70E1FF6CE1800D53891 /* PBXTargetDependency */,
			);
			name = Note.V2UITests;
			productName = Note.V2UITests;
			productReference = B0BFC70C1FF6CE1800D53891 /* Note.V2UITests.xctest */;
			productType = "com.apple.product-type.bundle.ui-testing";
		};
/* End PBXNativeTarget section */

/* Begin PBXProject section */
		B0BFC6E51FF6CE1800D53891 /* Project object */ = {
			isa = PBXProject;
			attributes = {
				LastSwiftUpdateCheck = 0920;
				LastUpgradeCheck = 0920;
				ORGANIZATIONNAME = "Thao Doan";
				TargetAttributes = {
					B0BFC6EC1FF6CE1800D53891 = {
						CreatedOnToolsVersion = 9.2;
						ProvisioningStyle = Automatic;
					};
					B0BFC7001FF6CE1800D53891 = {
						CreatedOnToolsVersion = 9.2;
						ProvisioningStyle = Automatic;
						TestTargetID = B0BFC6EC1FF6CE1800D53891;
					};
					B0BFC70B1FF6CE1800D53891 = {
						CreatedOnToolsVersion = 9.2;
						ProvisioningStyle = Automatic;
						TestTargetID = B0BFC6EC1FF6CE1800D53891;
					};
				};
			};
			buildConfigurationList = B0BFC6E81FF6CE1800D53891 /* Build configuration list for PBXProject "Note.V2" */;
			compatibilityVersion = "Xcode 8.0";
			developmentRegion = en;
			hasScannedForEncodings = 0;
			knownRegions = (
				en,
				Base,
			);
			mainGroup = B0BFC6E41FF6CE1800D53891;
			productRefGroup = B0BFC6EE1FF6CE1800D53891 /* Products */;
			projectDirPath = "";
			projectRoot = "";
			targets = (
				B0BFC6EC1FF6CE1800D53891 /* Note.V2 */,
				B0BFC7001FF6CE1800D53891 /* Note.V2Tests */,
				B0BFC70B1FF6CE1800D53891 /* Note.V2UITests */,
			);
		};
/* End PBXProject section */

/* Begin PBXResourcesBuildPhase section */
		B0BFC6EB1FF6CE1800D53891 /* Resources */ = {
			isa = PBXResourcesBuildPhase;
			buildActionMask = 2147483647;
			files = (
				B0BFC6FB1FF6CE1800D53891 /* LaunchScreen.storyboard in Resources */,
				B0BFC6F81FF6CE1800D53891 /* Assets.xcassets in Resources */,
				B0BFC6F61FF6CE1800D53891 /* Main.storyboard in Resources */,
			);
			runOnlyForDeploymentPostprocessing = 0;
		};
		B0BFC6FF1FF6CE1800D53891 /* Resources */ = {
			isa = PBXResourcesBuildPhase;
			buildActionMask = 2147483647;
			files = (
			);
			runOnlyForDeploymentPostprocessing = 0;
		};
		B0BFC70A1FF6CE1800D53891 /* Resources */ = {
			isa = PBXResourcesBuildPhase;
			buildActionMask = 2147483647;
			files = (
			);
			runOnlyForDeploymentPostprocessing = 0;
		};
/* End PBXResourcesBuildPhase section */

/* Begin PBXSourcesBuildPhase section */
		B0BFC6E91FF6CE1800D53891 /* Sources */ = {
			isa = PBXSourcesBuildPhase;
			buildActionMask = 2147483647;
			files = (
				B0F2366E1FFCABA0005350C2 /* CoreDataStack.swift in Sources */,
				B0BFC6F11FF6CE1800D53891 /* AppDelegate.swift in Sources */,
				B0BFC7241FF6D63400D53891 /* NoteModel.xcdatamodeld in Sources */,
				B0BFC71F1FF6D0DB00D53891 /* NotesTableViewController.swift in Sources */,
				B0BFC7211FF6D39500D53891 /* NotesTableViewCell.swift in Sources */,
			);
			runOnlyForDeploymentPostprocessing = 0;
		};
		B0BFC6FD1FF6CE1800D53891 /* Sources */ = {
			isa = PBXSourcesBuildPhase;
			buildActionMask = 2147483647;
			files = (
				B0BFC7061FF6CE1800D53891 /* Note_V2Tests.swift in Sources */,
			);
			runOnlyForDeploymentPostprocessing = 0;
		};
		B0BFC7081FF6CE1800D53891 /* Sources */ = {
			isa = PBXSourcesBuildPhase;
			buildActionMask = 2147483647;
			files = (
				B0BFC7111FF6CE1800D53891 /* Note_V2UITests.swift in Sources */,
			);
			runOnlyForDeploymentPostprocessing = 0;
		};
/* End PBXSourcesBuildPhase section */

/* Begin PBXTargetDependency section */
		B0BFC7031FF6CE1800D53891 /* PBXTargetDependency */ = {
			isa = PBXTargetDependency;
			target = B0BFC6EC1FF6CE1800D53891 /* Note.V2 */;
			targetProxy = B0BFC7021FF6CE1800D53891 /* PBXContainerItemProxy */;
		};
		B0BFC70E1FF6CE1800D53891 /* PBXTargetDependency */ = {
			isa = PBXTargetDependency;
			target = B0BFC6EC1FF6CE1800D53891 /* Note.V2 */;
			targetProxy = B0BFC70D1FF6CE1800D53891 /* PBXContainerItemProxy */;
		};
/* End PBXTargetDependency section */

/* Begin PBXVariantGroup section */
		B0BFC6F41FF6CE1800D53891 /* Main.storyboard */ = {
			isa = PBXVariantGroup;
			children = (
				B0BFC6F51FF6CE1800D53891 /* Base */,
			);
			name = Main.storyboard;
			sourceTree = "<group>";
		};
		B0BFC6F91FF6CE1800D53891 /* LaunchScreen.storyboard */ = {
			isa = PBXVariantGroup;
			children = (
				B0BFC6FA1FF6CE1800D53891 /* Base */,
			);
			name = LaunchScreen.storyboard;
			sourceTree = "<group>";
		};
/* End PBXVariantGroup section */

/* Begin XCBuildConfiguration section */
		B0BFC7131FF6CE1900D53891 /* Debug */ = {
			isa = XCBuildConfiguration;
			buildSettings = {
				ALWAYS_SEARCH_USER_PATHS = NO;
				CLANG_ANALYZER_NONNULL = YES;
				CLANG_ANALYZER_NUMBER_OBJECT_CONVERSION = YES_AGGRESSIVE;
				CLANG_CXX_LANGUAGE_STANDARD = "gnu++14";
				CLANG_CXX_LIBRARY = "libc++";
				CLANG_ENABLE_MODULES = YES;
				CLANG_ENABLE_OBJC_ARC = YES;
				CLANG_WARN_BLOCK_CAPTURE_AUTORELEASING = YES;
				CLANG_WARN_BOOL_CONVERSION = YES;
				CLANG_WARN_COMMA = YES;
				CLANG_WARN_CONSTANT_CONVERSION = YES;
				CLANG_WARN_DIRECT_OBJC_ISA_USAGE = YES_ERROR;
				CLANG_WARN_DOCUMENTATION_COMMENTS = YES;
				CLANG_WARN_EMPTY_BODY = YES;
				CLANG_WARN_ENUM_CONVERSION = YES;
				CLANG_WARN_INFINITE_RECURSION = YES;
				CLANG_WARN_INT_CONVERSION = YES;
				CLANG_WARN_NON_LITERAL_NULL_CONVERSION = YES;
				CLANG_WARN_OBJC_LITERAL_CONVERSION = YES;
				CLANG_WARN_OBJC_ROOT_CLASS = YES_ERROR;
				CLANG_WARN_RANGE_LOOP_ANALYSIS = YES;
				CLANG_WARN_STRICT_PROTOTYPES = YES;
				CLANG_WARN_SUSPICIOUS_MOVE = YES;
				CLANG_WARN_UNGUARDED_AVAILABILITY = YES_AGGRESSIVE;
				CLANG_WARN_UNREACHABLE_CODE = YES;
				CLANG_WARN__DUPLICATE_METHOD_MATCH = YES;
				CODE_SIGN_IDENTITY = "iPhone Developer";
				COPY_PHASE_STRIP = NO;
				DEBUG_INFORMATION_FORMAT = dwarf;
				ENABLE_STRICT_OBJC_MSGSEND = YES;
				ENABLE_TESTABILITY = YES;
				GCC_C_LANGUAGE_STANDARD = gnu11;
				GCC_DYNAMIC_NO_PIC = NO;
				GCC_NO_COMMON_BLOCKS = YES;
				GCC_OPTIMIZATION_LEVEL = 0;
				GCC_PREPROCESSOR_DEFINITIONS = (
					"DEBUG=1",
					"$(inherited)",
				);
				GCC_WARN_64_TO_32_BIT_CONVERSION = YES;
				GCC_WARN_ABOUT_RETURN_TYPE = YES_ERROR;
				GCC_WARN_UNDECLARED_SELECTOR = YES;
				GCC_WARN_UNINITIALIZED_AUTOS = YES_AGGRESSIVE;
				GCC_WARN_UNUSED_FUNCTION = YES;
				GCC_WARN_UNUSED_VARIABLE = YES;
				IPHONEOS_DEPLOYMENT_TARGET = 11.2;
				MTL_ENABLE_DEBUG_INFO = YES;
				ONLY_ACTIVE_ARCH = YES;
				SDKROOT = iphoneos;
				SWIFT_ACTIVE_COMPILATION_CONDITIONS = DEBUG;
				SWIFT_OPTIMIZATION_LEVEL = "-Onone";
			};
			name = Debug;
		};
		B0BFC7141FF6CE1900D53891 /* Release */ = {
			isa = XCBuildConfiguration;
			buildSettings = {
				ALWAYS_SEARCH_USER_PATHS = NO;
				CLANG_ANALYZER_NONNULL = YES;
				CLANG_ANALYZER_NUMBER_OBJECT_CONVERSION = YES_AGGRESSIVE;
				CLANG_CXX_LANGUAGE_STANDARD = "gnu++14";
				CLANG_CXX_LIBRARY = "libc++";
				CLANG_ENABLE_MODULES = YES;
				CLANG_ENABLE_OBJC_ARC = YES;
				CLANG_WARN_BLOCK_CAPTURE_AUTORELEASING = YES;
				CLANG_WARN_BOOL_CONVERSION = YES;
				CLANG_WARN_COMMA = YES;
				CLANG_WARN_CONSTANT_CONVERSION = YES;
				CLANG_WARN_DIRECT_OBJC_ISA_USAGE = YES_ERROR;
				CLANG_WARN_DOCUMENTATION_COMMENTS = YES;
				CLANG_WARN_EMPTY_BODY = YES;
				CLANG_WARN_ENUM_CONVERSION = YES;
				CLANG_WARN_INFINITE_RECURSION = YES;
				CLANG_WARN_INT_CONVERSION = YES;
				CLANG_WARN_NON_LITERAL_NULL_CONVERSION = YES;
				CLANG_WARN_OBJC_LITERAL_CONVERSION = YES;
				CLANG_WARN_OBJC_ROOT_CLASS = YES_ERROR;
				CLANG_WARN_RANGE_LOOP_ANALYSIS = YES;
				CLANG_WARN_STRICT_PROTOTYPES = YES;
				CLANG_WARN_SUSPICIOUS_MOVE = YES;
				CLANG_WARN_UNGUARDED_AVAILABILITY = YES_AGGRESSIVE;
				CLANG_WARN_UNREACHABLE_CODE = YES;
				CLANG_WARN__DUPLICATE_METHOD_MATCH = YES;
				CODE_SIGN_IDENTITY = "iPhone Developer";
				COPY_PHASE_STRIP = NO;
				DEBUG_INFORMATION_FORMAT = "dwarf-with-dsym";
				ENABLE_NS_ASSERTIONS = NO;
				ENABLE_STRICT_OBJC_MSGSEND = YES;
				GCC_C_LANGUAGE_STANDARD = gnu11;
				GCC_NO_COMMON_BLOCKS = YES;
				GCC_WARN_64_TO_32_BIT_CONVERSION = YES;
				GCC_WARN_ABOUT_RETURN_TYPE = YES_ERROR;
				GCC_WARN_UNDECLARED_SELECTOR = YES;
				GCC_WARN_UNINITIALIZED_AUTOS = YES_AGGRESSIVE;
				GCC_WARN_UNUSED_FUNCTION = YES;
				GCC_WARN_UNUSED_VARIABLE = YES;
				IPHONEOS_DEPLOYMENT_TARGET = 11.2;
				MTL_ENABLE_DEBUG_INFO = NO;
				SDKROOT = iphoneos;
				SWIFT_OPTIMIZATION_LEVEL = "-Owholemodule";
				VALIDATE_PRODUCT = YES;
			};
			name = Release;
		};
		B0BFC7161FF6CE1900D53891 /* Debug */ = {
			isa = XCBuildConfiguration;
			buildSettings = {
				ASSETCATALOG_COMPILER_APPICON_NAME = AppIcon;
				CODE_SIGN_STYLE = Automatic;
				DEVELOPMENT_TEAM = S7CCUH8W47;
				INFOPLIST_FILE = Note.V2/Info.plist;
				LD_RUNPATH_SEARCH_PATHS = "$(inherited) @executable_path/Frameworks";
				PRODUCT_BUNDLE_IDENTIFIER = "com.teadoan.Note-V2";
				PRODUCT_NAME = "$(TARGET_NAME)";
				SWIFT_VERSION = 4.0;
				TARGETED_DEVICE_FAMILY = "1,2";
			};
			name = Debug;
		};
		B0BFC7171FF6CE1900D53891 /* Release */ = {
			isa = XCBuildConfiguration;
			buildSettings = {
				ASSETCATALOG_COMPILER_APPICON_NAME = AppIcon;
				CODE_SIGN_STYLE = Automatic;
				DEVELOPMENT_TEAM = S7CCUH8W47;
				INFOPLIST_FILE = Note.V2/Info.plist;
				LD_RUNPATH_SEARCH_PATHS = "$(inherited) @executable_path/Frameworks";
				PRODUCT_BUNDLE_IDENTIFIER = "com.teadoan.Note-V2";
				PRODUCT_NAME = "$(TARGET_NAME)";
				SWIFT_VERSION = 4.0;
				TARGETED_DEVICE_FAMILY = "1,2";
			};
			name = Release;
		};
		B0BFC7191FF6CE1900D53891 /* Debug */ = {
			isa = XCBuildConfiguration;
			buildSettings = {
				ALWAYS_EMBED_SWIFT_STANDARD_LIBRARIES = YES;
				BUNDLE_LOADER = "$(TEST_HOST)";
				CODE_SIGN_STYLE = Automatic;
				DEVELOPMENT_TEAM = S7CCUH8W47;
				INFOPLIST_FILE = Note.V2Tests/Info.plist;
				LD_RUNPATH_SEARCH_PATHS = "$(inherited) @executable_path/Frameworks @loader_path/Frameworks";
				PRODUCT_BUNDLE_IDENTIFIER = "com.teadoan.Note-V2Tests";
				PRODUCT_NAME = "$(TARGET_NAME)";
				SWIFT_VERSION = 4.0;
				TARGETED_DEVICE_FAMILY = "1,2";
				TEST_HOST = "$(BUILT_PRODUCTS_DIR)/Note.V2.app/Note.V2";
			};
			name = Debug;
		};
		B0BFC71A1FF6CE1900D53891 /* Release */ = {
			isa = XCBuildConfiguration;
			buildSettings = {
				ALWAYS_EMBED_SWIFT_STANDARD_LIBRARIES = YES;
				BUNDLE_LOADER = "$(TEST_HOST)";
				CODE_SIGN_STYLE = Automatic;
				DEVELOPMENT_TEAM = S7CCUH8W47;
				INFOPLIST_FILE = Note.V2Tests/Info.plist;
				LD_RUNPATH_SEARCH_PATHS = "$(inherited) @executable_path/Frameworks @loader_path/Frameworks";
				PRODUCT_BUNDLE_IDENTIFIER = "com.teadoan.Note-V2Tests";
				PRODUCT_NAME = "$(TARGET_NAME)";
				SWIFT_VERSION = 4.0;
				TARGETED_DEVICE_FAMILY = "1,2";
				TEST_HOST = "$(BUILT_PRODUCTS_DIR)/Note.V2.app/Note.V2";
			};
			name = Release;
		};
		B0BFC71C1FF6CE1900D53891 /* Debug */ = {
			isa = XCBuildConfiguration;
			buildSettings = {
				ALWAYS_EMBED_SWIFT_STANDARD_LIBRARIES = YES;
				CODE_SIGN_STYLE = Automatic;
				DEVELOPMENT_TEAM = S7CCUH8W47;
				INFOPLIST_FILE = Note.V2UITests/Info.plist;
				LD_RUNPATH_SEARCH_PATHS = "$(inherited) @executable_path/Frameworks @loader_path/Frameworks";
				PRODUCT_BUNDLE_IDENTIFIER = "com.teadoan.Note-V2UITests";
				PRODUCT_NAME = "$(TARGET_NAME)";
				SWIFT_VERSION = 4.0;
				TARGETED_DEVICE_FAMILY = "1,2";
				TEST_TARGET_NAME = Note.V2;
			};
			name = Debug;
		};
		B0BFC71D1FF6CE1900D53891 /* Release */ = {
			isa = XCBuildConfiguration;
			buildSettings = {
				ALWAYS_EMBED_SWIFT_STANDARD_LIBRARIES = YES;
				CODE_SIGN_STYLE = Automatic;
				DEVELOPMENT_TEAM = S7CCUH8W47;
				INFOPLIST_FILE = Note.V2UITests/Info.plist;
				LD_RUNPATH_SEARCH_PATHS = "$(inherited) @executable_path/Frameworks @loader_path/Frameworks";
				PRODUCT_BUNDLE_IDENTIFIER = "com.teadoan.Note-V2UITests";
				PRODUCT_NAME = "$(TARGET_NAME)";
				SWIFT_VERSION = 4.0;
				TARGETED_DEVICE_FAMILY = "1,2";
				TEST_TARGET_NAME = Note.V2;
			};
			name = Release;
		};
/* End XCBuildConfiguration section */

/* Begin XCConfigurationList section */
		B0BFC6E81FF6CE1800D53891 /* Build configuration list for PBXProject "Note.V2" */ = {
			isa = XCConfigurationList;
			buildConfigurations = (
				B0BFC7131FF6CE1900D53891 /* Debug */,
				B0BFC7141FF6CE1900D53891 /* Release */,
			);
			defaultConfigurationIsVisible = 0;
			defaultConfigurationName = Release;
		};
		B0BFC7151FF6CE1900D53891 /* Build configuration list for PBXNativeTarget "Note.V2" */ = {
			isa = XCConfigurationList;
			buildConfigurations = (
				B0BFC7161FF6CE1900D53891 /* Debug */,
				B0BFC7171FF6CE1900D53891 /* Release */,
			);
			defaultConfigurationIsVisible = 0;
			defaultConfigurationName = Release;
		};
		B0BFC7181FF6CE1900D53891 /* Build configuration list for PBXNativeTarget "Note.V2Tests" */ = {
			isa = XCConfigurationList;
			buildConfigurations = (
				B0BFC7191FF6CE1900D53891 /* Debug */,
				B0BFC71A1FF6CE1900D53891 /* Release */,
			);
			defaultConfigurationIsVisible = 0;
			defaultConfigurationName = Release;
		};
		B0BFC71B1FF6CE1900D53891 /* Build configuration list for PBXNativeTarget "Note.V2UITests" */ = {
			isa = XCConfigurationList;
			buildConfigurations = (
				B0BFC71C1FF6CE1900D53891 /* Debug */,
				B0BFC71D1FF6CE1900D53891 /* Release */,
			);
			defaultConfigurationIsVisible = 0;
			defaultConfigurationName = Release;
		};
/* End XCConfigurationList section */

/* Begin XCVersionGroup section */
		B0BFC7221FF6D63400D53891 /* NoteModel.xcdatamodeld */ = {
			isa = XCVersionGroup;
			children = (
				B0BFC7231FF6D63400D53891 /* NotesModel.xcdatamodel */,
			);
			currentVersion = B0BFC7231FF6D63400D53891 /* NotesModel.xcdatamodel */;
			path = NoteModel.xcdatamodeld;
			sourceTree = "<group>";
			versionGroupType = wrapper.xcdatamodel;
		};
/* End XCVersionGroup section */
	};
	rootObject = B0BFC6E51FF6CE1800D53891 /* Project object */;
}
